
Microsoft Visual Studio Solution File, Format Version 12.00
# Visual Studio Version 16
VisualStudioVersion = 16.0.29911.84
MinimumVisualStudioVersion = 10.0.40219.1
Project("{FAE04EC0-301F-11D3-BF4B-00C04F79EFBC}") = "await_bot", "await_bot\await_bot.csproj", "{7EACC269-8269-4782-8AF9-0ED7CB2AABEF}"
EndProject
Global
	GlobalSection(SolutionConfigurationPlatforms) = preSolution
		Debug|Any CPU = Debug|Any CPU
		Release|Any CPU = Release|Any CPU
	EndGlobalSection
	GlobalSection(ProjectConfigurationPlatforms) = postSolution
		{7EACC269-8269-4782-8AF9-0ED7CB2AABEF}.Debug|Any CPU.ActiveCfg = Debug|Any CPU
		{7EACC269-8269-4782-8AF9-0ED7CB2AABEF}.Debug|Any CPU.Build.0 = Debug|Any CPU
		{7EACC269-8269-4782-8AF9-0ED7CB2AABEF}.Release|Any CPU.ActiveCfg = Release|Any CPU
		{7EACC269-8269-4782-8AF9-0ED7CB2AABEF}.Release|Any CPU.Build.0 = Release|Any CPU
	EndGlobalSection
	GlobalSection(SolutionProperties) = preSolution
		HideSolutionNode = FALSE
	EndGlobalSection
	GlobalSection(ExtensibilityGlobals) = postSolution
		SolutionGuid = {0533D7DE-805E-474A-850E-CF5FE71AE556}
	EndGlobalSection
EndGlobal
